
Microsoft Visual Studio Solution File, Format Version 12.00
# Visual Studio Version 17
VisualStudioVersion = 17.4.33213.308
MinimumVisualStudioVersion = 10.0.40219.1
Project("{9A19103F-16F7-4668-BE54-9A1E7A4F7556}") = "Think like a madman", "Think like madman\Think like a madman.csproj", "{DDE81943-61C2-44DC-B350-683B55F231F4}"
EndProject
Project("{FAE04EC0-301F-11D3-BF4B-00C04F79EFBC}") = "Betterversion", "Betterversion\Betterversion.csproj", "{54991BCF-0EA3-4A54-8EDE-10C4D146A3AF}"
EndProject
Global
	GlobalSection(SolutionConfigurationPlatforms) = preSolution
		Debug|Any CPU = Debug|Any CPU
		Release|Any CPU = Release|Any CPU
	EndGlobalSection
	GlobalSection(ProjectConfigurationPlatforms) = postSolution
		{DDE81943-61C2-44DC-B350-683B55F231F4}.Debug|Any CPU.ActiveCfg = Debug|Any CPU
		{DDE81943-61C2-44DC-B350-683B55F231F4}.Debug|Any CPU.Build.0 = Debug|Any CPU
		{DDE81943-61C2-44DC-B350-683B55F231F4}.Release|Any CPU.ActiveCfg = Release|Any CPU
		{DDE81943-61C2-44DC-B350-683B55F231F4}.Release|Any CPU.Build.0 = Release|Any CPU
		{54991BCF-0EA3-4A54-8EDE-10C4D146A3AF}.Debug|Any CPU.ActiveCfg = Debug|Any CPU
		{54991BCF-0EA3-4A54-8EDE-10C4D146A3AF}.Debug|Any CPU.Build.0 = Debug|Any CPU
		{54991BCF-0EA3-4A54-8EDE-10C4D146A3AF}.Release|Any CPU.ActiveCfg = Release|Any CPU
		{54991BCF-0EA3-4A54-8EDE-10C4D146A3AF}.Release|Any CPU.Build.0 = Release|Any CPU
	EndGlobalSection
	GlobalSection(SolutionProperties) = preSolution
		HideSolutionNode = FALSE
	EndGlobalSection
	GlobalSection(ExtensibilityGlobals) = postSolution
		SolutionGuid = {37BFBD44-5E2F-426B-8A51-2421FDCC284A}
	EndGlobalSection
EndGlobal
